// !$*UTF8*$!
{
	archiveVersion = 1;
	classes = {
	};
	objectVersion = 46;
	objects = {

/* Begin PBXBuildFile section */
		421662661D6D8A470077BCFD /* String Extensions.swift in Sources */ = {isa = PBXBuildFile; fileRef = 421662651D6D8A470077BCFD /* String Extensions.swift */; };
		421662681D6DDE940077BCFD /* STLR Constructor.swift in Sources */ = {isa = PBXBuildFile; fileRef = 421662671D6DDE940077BCFD /* STLR Constructor.swift */; };
		4216626A1D6DEE700077BCFD /* STLR Optimization.swift in Sources */ = {isa = PBXBuildFile; fileRef = 421662691D6DEE700077BCFD /* STLR Optimization.swift */; };
		4216626C1D6DEE880077BCFD /* STLR Validation.swift in Sources */ = {isa = PBXBuildFile; fileRef = 4216626B1D6DEE880077BCFD /* STLR Validation.swift */; };
		4217DF241D5B499500ECA221 /* InlineIdentifierOptimizer.swift in Sources */ = {isa = PBXBuildFile; fileRef = 4217DF231D5B499500ECA221 /* InlineIdentifierOptimizer.swift */; };
		4218CE1B1D646EFA00F40584 /* OptimizersTest.swift in Sources */ = {isa = PBXBuildFile; fileRef = 4218CE1A1D646EFA00F40584 /* OptimizersTest.swift */; };
		4228FFEA1D3E397C00F25FD8 /* ScannerTest.swift in Sources */ = {isa = PBXBuildFile; fileRef = 4228FFE91D3E397C00F25FD8 /* ScannerTest.swift */; };
		4228FFEC1D3E42FA00F25FD8 /* TestErrors.swift in Sources */ = {isa = PBXBuildFile; fileRef = 4228FFEB1D3E42FA00F25FD8 /* TestErrors.swift */; };
		423290B61D5D8F1D00332FE9 /* ForkedIR.swift in Sources */ = {isa = PBXBuildFile; fileRef = 423290B51D5D8F1D00332FE9 /* ForkedIR.swift */; };
		423290BA1D5DA16600332FE9 /* DebuggingDelegate.swift in Sources */ = {isa = PBXBuildFile; fileRef = 423290B91D5DA16600332FE9 /* DebuggingDelegate.swift */; };
		423290BC1D5DD6C500332FE9 /* Language.swift in Sources */ = {isa = PBXBuildFile; fileRef = 423290BB1D5DD6C500332FE9 /* Language.swift */; };
		423290BE1D5E014300332FE9 /* NodeStack.swift in Sources */ = {isa = PBXBuildFile; fileRef = 423290BD1D5E014300332FE9 /* NodeStack.swift */; };
		423290C01D61834000332FE9 /* RecursiveRule.swift in Sources */ = {isa = PBXBuildFile; fileRef = 423290BF1D61834000332FE9 /* RecursiveRule.swift */; };
		423290C31D61838500332FE9 /* SwiftTypeExtensions.swift in Sources */ = {isa = PBXBuildFile; fileRef = 423290C21D61838500332FE9 /* SwiftTypeExtensions.swift */; };
		423290C51D61839900332FE9 /* RuleExtensions.swift in Sources */ = {isa = PBXBuildFile; fileRef = 423290C41D61839900332FE9 /* RuleExtensions.swift */; };
		423290C71D61878600332FE9 /* Rule.swift in Sources */ = {isa = PBXBuildFile; fileRef = 423290C61D61878600332FE9 /* Rule.swift */; };
		423290CB1D6187A900332FE9 /* LexicalAnalyzer.swift in Sources */ = {isa = PBXBuildFile; fileRef = 423290CA1D6187A900332FE9 /* LexicalAnalyzer.swift */; };
		423290CD1D6188D100332FE9 /* IntermediateRepresentation.swift in Sources */ = {isa = PBXBuildFile; fileRef = 423290CC1D6188D100332FE9 /* IntermediateRepresentation.swift */; };
		423290D51D61A8B200332FE9 /* Light Weight AST.swift in Sources */ = {isa = PBXBuildFile; fileRef = 423290D41D61A8B200332FE9 /* Light Weight AST.swift */; };
		423290D71D61DF3E00332FE9 /* STLRParser.swift in Sources */ = {isa = PBXBuildFile; fileRef = 423290D61D61DF3E00332FE9 /* STLRParser.swift */; };
		42377BF01D63526700BDA49D /* HeterogenousAST.swift in Sources */ = {isa = PBXBuildFile; fileRef = 42377BEF1D63526700BDA49D /* HeterogenousAST.swift */; };
		425427D91D5398990038A185 /* BackgroundTimer.swift in Sources */ = {isa = PBXBuildFile; fileRef = 425427D81D5398990038A185 /* BackgroundTimer.swift */; };
		426728581D58AA62001E6BD0 /* SwiftGenerator.swift in Sources */ = {isa = PBXBuildFile; fileRef = 426728571D58AA62001E6BD0 /* SwiftGenerator.swift */; };
		428C2DAC1D5C6EA600385920 /* FixValidations.swift in Sources */ = {isa = PBXBuildFile; fileRef = 428C2DAB1D5C6EA600385920 /* FixValidations.swift */; };
		42A1DF7F1D7047F20026FD63 /* HomogenousNode.swift in Sources */ = {isa = PBXBuildFile; fileRef = 42A1DF7E1D7047F20026FD63 /* HomogenousNode.swift */; };
		42A1DF811D7048090026FD63 /* HeterogenousNode.swift in Sources */ = {isa = PBXBuildFile; fileRef = 42A1DF801D7048090026FD63 /* HeterogenousNode.swift */; };
		42A1DF831D704AF00026FD63 /* HomogenousAST.swift in Sources */ = {isa = PBXBuildFile; fileRef = 42A1DF821D704AF00026FD63 /* HomogenousAST.swift */; };
		42A61C441D5A1E52005EAF44 /* STLROptimizers.swift in Sources */ = {isa = PBXBuildFile; fileRef = 42A61C431D5A1E52005EAF44 /* STLROptimizers.swift */; };
		42A61C471D5A1F25005EAF44 /* CharacterSetOnlyChoiceOptimizer.swift in Sources */ = {isa = PBXBuildFile; fileRef = 42A61C461D5A1F25005EAF44 /* CharacterSetOnlyChoiceOptimizer.swift */; };
		42ABB97B1D3E63810087A1A9 /* STLR.swift in Sources */ = {isa = PBXBuildFile; fileRef = 42ABB97A1D3E63810087A1A9 /* STLR.swift */; };
		42ABB97D1D3E72850087A1A9 /* GrammarTest.swift in Sources */ = {isa = PBXBuildFile; fileRef = 42ABB97C1D3E72850087A1A9 /* GrammarTest.swift */; };
		42B15BC41D3F78D6000DFB61 /* Infrastructure.swift in Sources */ = {isa = PBXBuildFile; fileRef = 42B15BC31D3F78D6000DFB61 /* Infrastructure.swift */; };
		42B15BC61D3FE231000DFB61 /* DynamicParserGenerator.swift in Sources */ = {isa = PBXBuildFile; fileRef = 42B15BC51D3FE231000DFB61 /* DynamicParserGenerator.swift */; };
		42B15BC81D3FE55E000DFB61 /* DynamicGeneratorTest.swift in Sources */ = {isa = PBXBuildFile; fileRef = 42B15BC71D3FE55E000DFB61 /* DynamicGeneratorTest.swift */; };
		42B15BCA1D408DD2000DFB61 /* Nodes.swift in Sources */ = {isa = PBXBuildFile; fileRef = 42B15BC91D408DD2000DFB61 /* Nodes.swift */; };
		42B15BCC1D409622000DFB61 /* Stream.swift in Sources */ = {isa = PBXBuildFile; fileRef = 42B15BCB1D409622000DFB61 /* Stream.swift */; };
		42B15BCE1D409846000DFB61 /* Parser.swift in Sources */ = {isa = PBXBuildFile; fileRef = 42B15BCD1D409846000DFB61 /* Parser.swift */; };
		42B15BD61D40B3F6000DFB61 /* BaseIR.swift in Sources */ = {isa = PBXBuildFile; fileRef = 42B15BD51D40B3F6000DFB61 /* BaseIR.swift */; };
		42C1D9781D412BE600142453 /* STLR Data Model.swift in Sources */ = {isa = PBXBuildFile; fileRef = 42C1D9771D412BE600142453 /* STLR Data Model.swift */; };
		42C3183B1D5BA08A00F55883 /* ScannerRules.swift in Sources */ = {isa = PBXBuildFile; fileRef = 42C3183A1D5BA08A00F55883 /* ScannerRules.swift */; };
		42CB5CF31D3CBBC2001B0149 /* OysterKit.framework in Frameworks */ = {isa = PBXBuildFile; fileRef = 42CB5CE91D3CBBC1001B0149 /* OysterKit.framework */; };
		42CB5CFA1D3CBBC2001B0149 /* OysterKit.h in Headers */ = {isa = PBXBuildFile; fileRef = 42CB5CEC1D3CBBC1001B0149 /* OysterKit.h */; settings = {ATTRIBUTES = (Public, ); }; };
		42CB5D0F1D3CBBDA001B0149 /* ParserRules.swift in Sources */ = {isa = PBXBuildFile; fileRef = 42CB5D0E1D3CBBDA001B0149 /* ParserRules.swift */; };
		42CB5D131D3CC394001B0149 /* Errors.swift in Sources */ = {isa = PBXBuildFile; fileRef = 42CB5D121D3CC394001B0149 /* Errors.swift */; };
		42CB5D191D3D0479001B0149 /* Lexer.swift in Sources */ = {isa = PBXBuildFile; fileRef = 42CB5D181D3D0479001B0149 /* Lexer.swift */; };
		42CB5D1D1D3D1FA8001B0149 /* LexerTest.swift in Sources */ = {isa = PBXBuildFile; fileRef = 42CB5D1C1D3D1FA8001B0149 /* LexerTest.swift */; };
		42CB5D1F1D3D2382001B0149 /* Scanner.swift in Sources */ = {isa = PBXBuildFile; fileRef = 42CB5D1E1D3D2382001B0149 /* Scanner.swift */; };
		42CB5D211D3D5322001B0149 /* ParserTest.swift in Sources */ = {isa = PBXBuildFile; fileRef = 42CB5D201D3D5322001B0149 /* ParserTest.swift */; };
		42D8E34C1D656F8600AE5E8F /* StateCache.swift in Sources */ = {isa = PBXBuildFile; fileRef = 42D8E34B1D656F8600AE5E8F /* StateCache.swift */; };
		42F6C3B21D6AEB5400614AFF /* OysterKitPerformanceTests.swift in Sources */ = {isa = PBXBuildFile; fileRef = 42F6C3B11D6AEB5400614AFF /* OysterKitPerformanceTests.swift */; };
		42F6C3B41D6AEB5400614AFF /* OysterKit.framework in Frameworks */ = {isa = PBXBuildFile; fileRef = 42CB5CE91D3CBBC1001B0149 /* OysterKit.framework */; };
		42F6C3BA1D6AEC3500614AFF /* SwiftParser.swift in Sources */ = {isa = PBXBuildFile; fileRef = 427BED911D671C1300A411B7 /* SwiftParser.swift */; };
		42F6C3BC1D6B233800614AFF /* SwiftGenerationTest.swift in Sources */ = {isa = PBXBuildFile; fileRef = 42F6C3BB1D6B233800614AFF /* SwiftGenerationTest.swift */; };
/* End PBXBuildFile section */

/* Begin PBXContainerItemProxy section */
		42CB5CF41D3CBBC2001B0149 /* PBXContainerItemProxy */ = {
			isa = PBXContainerItemProxy;
			containerPortal = 42CB5CE01D3CBBC1001B0149 /* Project object */;
			proxyType = 1;
			remoteGlobalIDString = 42CB5CE81D3CBBC1001B0149;
			remoteInfo = OysterKit;
		};
		42F6C3B51D6AEB5400614AFF /* PBXContainerItemProxy */ = {
			isa = PBXContainerItemProxy;
			containerPortal = 42CB5CE01D3CBBC1001B0149 /* Project object */;
			proxyType = 1;
			remoteGlobalIDString = 42CB5CE81D3CBBC1001B0149;
			remoteInfo = OysterKit;
		};
/* End PBXContainerItemProxy section */

/* Begin PBXFileReference section */
		421662651D6D8A470077BCFD /* String Extensions.swift */ = {isa = PBXFileReference; fileEncoding = 4; lastKnownFileType = sourcecode.swift; path = "String Extensions.swift"; sourceTree = "<group>"; };
		421662671D6DDE940077BCFD /* STLR Constructor.swift */ = {isa = PBXFileReference; fileEncoding = 4; lastKnownFileType = sourcecode.swift; path = "STLR Constructor.swift"; sourceTree = "<group>"; };
		421662691D6DEE700077BCFD /* STLR Optimization.swift */ = {isa = PBXFileReference; fileEncoding = 4; lastKnownFileType = sourcecode.swift; path = "STLR Optimization.swift"; sourceTree = "<group>"; };
		4216626B1D6DEE880077BCFD /* STLR Validation.swift */ = {isa = PBXFileReference; fileEncoding = 4; lastKnownFileType = sourcecode.swift; path = "STLR Validation.swift"; sourceTree = "<group>"; };
		4217DF231D5B499500ECA221 /* InlineIdentifierOptimizer.swift */ = {isa = PBXFileReference; fileEncoding = 4; lastKnownFileType = sourcecode.swift; path = InlineIdentifierOptimizer.swift; sourceTree = "<group>"; };
		4218CE1A1D646EFA00F40584 /* OptimizersTest.swift */ = {isa = PBXFileReference; fileEncoding = 4; lastKnownFileType = sourcecode.swift; path = OptimizersTest.swift; sourceTree = "<group>"; };
		4228FFE91D3E397C00F25FD8 /* ScannerTest.swift */ = {isa = PBXFileReference; fileEncoding = 4; lastKnownFileType = sourcecode.swift; path = ScannerTest.swift; sourceTree = "<group>"; };
		4228FFEB1D3E42FA00F25FD8 /* TestErrors.swift */ = {isa = PBXFileReference; fileEncoding = 4; lastKnownFileType = sourcecode.swift; path = TestErrors.swift; sourceTree = "<group>"; };
		423290B51D5D8F1D00332FE9 /* ForkedIR.swift */ = {isa = PBXFileReference; fileEncoding = 4; lastKnownFileType = sourcecode.swift; path = ForkedIR.swift; sourceTree = "<group>"; };
		423290B91D5DA16600332FE9 /* DebuggingDelegate.swift */ = {isa = PBXFileReference; fileEncoding = 4; lastKnownFileType = sourcecode.swift; path = DebuggingDelegate.swift; sourceTree = "<group>"; };
		423290BB1D5DD6C500332FE9 /* Language.swift */ = {isa = PBXFileReference; fileEncoding = 4; lastKnownFileType = sourcecode.swift; path = Language.swift; sourceTree = "<group>"; };
		423290BD1D5E014300332FE9 /* NodeStack.swift */ = {isa = PBXFileReference; fileEncoding = 4; lastKnownFileType = sourcecode.swift; path = NodeStack.swift; sourceTree = "<group>"; };
		423290BF1D61834000332FE9 /* RecursiveRule.swift */ = {isa = PBXFileReference; fileEncoding = 4; lastKnownFileType = sourcecode.swift; path = RecursiveRule.swift; sourceTree = "<group>"; };
		423290C21D61838500332FE9 /* SwiftTypeExtensions.swift */ = {isa = PBXFileReference; fileEncoding = 4; lastKnownFileType = sourcecode.swift; path = SwiftTypeExtensions.swift; sourceTree = "<group>"; };
		423290C41D61839900332FE9 /* RuleExtensions.swift */ = {isa = PBXFileReference; fileEncoding = 4; lastKnownFileType = sourcecode.swift; path = RuleExtensions.swift; sourceTree = "<group>"; };
		423290C61D61878600332FE9 /* Rule.swift */ = {isa = PBXFileReference; fileEncoding = 4; lastKnownFileType = sourcecode.swift; path = Rule.swift; sourceTree = "<group>"; };
		423290CA1D6187A900332FE9 /* LexicalAnalyzer.swift */ = {isa = PBXFileReference; fileEncoding = 4; lastKnownFileType = sourcecode.swift; path = LexicalAnalyzer.swift; sourceTree = "<group>"; };
		423290CC1D6188D100332FE9 /* IntermediateRepresentation.swift */ = {isa = PBXFileReference; fileEncoding = 4; lastKnownFileType = sourcecode.swift; path = IntermediateRepresentation.swift; sourceTree = "<group>"; };
		423290D41D61A8B200332FE9 /* Light Weight AST.swift */ = {isa = PBXFileReference; fileEncoding = 4; lastKnownFileType = sourcecode.swift; path = "Light Weight AST.swift"; sourceTree = "<group>"; };
		423290D61D61DF3E00332FE9 /* STLRParser.swift */ = {isa = PBXFileReference; fileEncoding = 4; lastKnownFileType = sourcecode.swift; path = STLRParser.swift; sourceTree = "<group>"; };
		42377BEF1D63526700BDA49D /* HeterogenousAST.swift */ = {isa = PBXFileReference; fileEncoding = 4; lastKnownFileType = sourcecode.swift; path = HeterogenousAST.swift; sourceTree = "<group>"; };
		425427D81D5398990038A185 /* BackgroundTimer.swift */ = {isa = PBXFileReference; fileEncoding = 4; lastKnownFileType = sourcecode.swift; path = BackgroundTimer.swift; sourceTree = "<group>"; };
		426728571D58AA62001E6BD0 /* SwiftGenerator.swift */ = {isa = PBXFileReference; fileEncoding = 4; lastKnownFileType = sourcecode.swift; path = SwiftGenerator.swift; sourceTree = "<group>"; };
		427BED911D671C1300A411B7 /* SwiftParser.swift */ = {isa = PBXFileReference; fileEncoding = 4; lastKnownFileType = sourcecode.swift; name = SwiftParser.swift; path = ../OysterKitTests/SwiftParser.swift; sourceTree = "<group>"; };
		428C2DAB1D5C6EA600385920 /* FixValidations.swift */ = {isa = PBXFileReference; fileEncoding = 4; lastKnownFileType = sourcecode.swift; path = FixValidations.swift; sourceTree = "<group>"; };
		42A1DF7E1D7047F20026FD63 /* HomogenousNode.swift */ = {isa = PBXFileReference; fileEncoding = 4; lastKnownFileType = sourcecode.swift; path = HomogenousNode.swift; sourceTree = "<group>"; };
		42A1DF801D7048090026FD63 /* HeterogenousNode.swift */ = {isa = PBXFileReference; fileEncoding = 4; lastKnownFileType = sourcecode.swift; path = HeterogenousNode.swift; sourceTree = "<group>"; };
		42A1DF821D704AF00026FD63 /* HomogenousAST.swift */ = {isa = PBXFileReference; fileEncoding = 4; lastKnownFileType = sourcecode.swift; path = HomogenousAST.swift; sourceTree = "<group>"; };
		42A61C431D5A1E52005EAF44 /* STLROptimizers.swift */ = {isa = PBXFileReference; fileEncoding = 4; lastKnownFileType = sourcecode.swift; path = STLROptimizers.swift; sourceTree = "<group>"; };
		42A61C461D5A1F25005EAF44 /* CharacterSetOnlyChoiceOptimizer.swift */ = {isa = PBXFileReference; fileEncoding = 4; lastKnownFileType = sourcecode.swift; path = CharacterSetOnlyChoiceOptimizer.swift; sourceTree = "<group>"; };
		42ABB97A1D3E63810087A1A9 /* STLR.swift */ = {isa = PBXFileReference; fileEncoding = 4; lastKnownFileType = sourcecode.swift; path = STLR.swift; sourceTree = "<group>"; };
		42ABB97C1D3E72850087A1A9 /* GrammarTest.swift */ = {isa = PBXFileReference; fileEncoding = 4; lastKnownFileType = sourcecode.swift; path = GrammarTest.swift; sourceTree = "<group>"; };
		42B15BC31D3F78D6000DFB61 /* Infrastructure.swift */ = {isa = PBXFileReference; fileEncoding = 4; lastKnownFileType = sourcecode.swift; path = Infrastructure.swift; sourceTree = "<group>"; };
		42B15BC51D3FE231000DFB61 /* DynamicParserGenerator.swift */ = {isa = PBXFileReference; fileEncoding = 4; lastKnownFileType = sourcecode.swift; path = DynamicParserGenerator.swift; sourceTree = "<group>"; };
		42B15BC71D3FE55E000DFB61 /* DynamicGeneratorTest.swift */ = {isa = PBXFileReference; fileEncoding = 4; lastKnownFileType = sourcecode.swift; path = DynamicGeneratorTest.swift; sourceTree = "<group>"; };
		42B15BC91D408DD2000DFB61 /* Nodes.swift */ = {isa = PBXFileReference; fileEncoding = 4; lastKnownFileType = sourcecode.swift; path = Nodes.swift; sourceTree = "<group>"; };
		42B15BCB1D409622000DFB61 /* Stream.swift */ = {isa = PBXFileReference; fileEncoding = 4; lastKnownFileType = sourcecode.swift; path = Stream.swift; sourceTree = "<group>"; };
		42B15BCD1D409846000DFB61 /* Parser.swift */ = {isa = PBXFileReference; fileEncoding = 4; lastKnownFileType = sourcecode.swift; path = Parser.swift; sourceTree = "<group>"; };
		42B15BD51D40B3F6000DFB61 /* BaseIR.swift */ = {isa = PBXFileReference; fileEncoding = 4; lastKnownFileType = sourcecode.swift; path = BaseIR.swift; sourceTree = "<group>"; };
		42C1D9771D412BE600142453 /* STLR Data Model.swift */ = {isa = PBXFileReference; fileEncoding = 4; lastKnownFileType = sourcecode.swift; path = "STLR Data Model.swift"; sourceTree = "<group>"; };
		42C3183A1D5BA08A00F55883 /* ScannerRules.swift */ = {isa = PBXFileReference; fileEncoding = 4; lastKnownFileType = sourcecode.swift; path = ScannerRules.swift; sourceTree = "<group>"; };
		42CB5CE91D3CBBC1001B0149 /* OysterKit.framework */ = {isa = PBXFileReference; explicitFileType = wrapper.framework; includeInIndex = 0; path = OysterKit.framework; sourceTree = BUILT_PRODUCTS_DIR; };
		42CB5CEC1D3CBBC1001B0149 /* OysterKit.h */ = {isa = PBXFileReference; lastKnownFileType = sourcecode.c.h; path = OysterKit.h; sourceTree = "<group>"; };
		42CB5CED1D3CBBC1001B0149 /* Info.plist */ = {isa = PBXFileReference; lastKnownFileType = text.plist.xml; path = Info.plist; sourceTree = "<group>"; };
		42CB5CF21D3CBBC2001B0149 /* OysterKitTests.xctest */ = {isa = PBXFileReference; explicitFileType = wrapper.cfbundle; includeInIndex = 0; path = OysterKitTests.xctest; sourceTree = BUILT_PRODUCTS_DIR; };
		42CB5CF91D3CBBC2001B0149 /* Info.plist */ = {isa = PBXFileReference; lastKnownFileType = text.plist.xml; path = Info.plist; sourceTree = "<group>"; };
		42CB5D0E1D3CBBDA001B0149 /* ParserRules.swift */ = {isa = PBXFileReference; fileEncoding = 4; lastKnownFileType = sourcecode.swift; path = ParserRules.swift; sourceTree = "<group>"; };
		42CB5D121D3CC394001B0149 /* Errors.swift */ = {isa = PBXFileReference; fileEncoding = 4; lastKnownFileType = sourcecode.swift; path = Errors.swift; sourceTree = "<group>"; };
		42CB5D181D3D0479001B0149 /* Lexer.swift */ = {isa = PBXFileReference; fileEncoding = 4; lastKnownFileType = sourcecode.swift; path = Lexer.swift; sourceTree = "<group>"; };
		42CB5D1C1D3D1FA8001B0149 /* LexerTest.swift */ = {isa = PBXFileReference; fileEncoding = 4; lastKnownFileType = sourcecode.swift; path = LexerTest.swift; sourceTree = "<group>"; };
		42CB5D1E1D3D2382001B0149 /* Scanner.swift */ = {isa = PBXFileReference; fileEncoding = 4; lastKnownFileType = sourcecode.swift; path = Scanner.swift; sourceTree = "<group>"; };
		42CB5D201D3D5322001B0149 /* ParserTest.swift */ = {isa = PBXFileReference; fileEncoding = 4; lastKnownFileType = sourcecode.swift; path = ParserTest.swift; sourceTree = "<group>"; };
		42D8E34B1D656F8600AE5E8F /* StateCache.swift */ = {isa = PBXFileReference; fileEncoding = 4; lastKnownFileType = sourcecode.swift; path = StateCache.swift; sourceTree = "<group>"; };
		42F6C3AF1D6AEB5400614AFF /* OysterKitPerformanceTests.xctest */ = {isa = PBXFileReference; explicitFileType = wrapper.cfbundle; includeInIndex = 0; path = OysterKitPerformanceTests.xctest; sourceTree = BUILT_PRODUCTS_DIR; };
		42F6C3B11D6AEB5400614AFF /* OysterKitPerformanceTests.swift */ = {isa = PBXFileReference; lastKnownFileType = sourcecode.swift; path = OysterKitPerformanceTests.swift; sourceTree = "<group>"; };
		42F6C3B31D6AEB5400614AFF /* Info.plist */ = {isa = PBXFileReference; lastKnownFileType = text.plist.xml; path = Info.plist; sourceTree = "<group>"; };
		42F6C3BB1D6B233800614AFF /* SwiftGenerationTest.swift */ = {isa = PBXFileReference; fileEncoding = 4; lastKnownFileType = sourcecode.swift; path = SwiftGenerationTest.swift; sourceTree = "<group>"; };
/* End PBXFileReference section */

/* Begin PBXFrameworksBuildPhase section */
		42CB5CE51D3CBBC1001B0149 /* Frameworks */ = {
			isa = PBXFrameworksBuildPhase;
			buildActionMask = 2147483647;
			files = (
			);
			runOnlyForDeploymentPostprocessing = 0;
		};
		42CB5CEF1D3CBBC2001B0149 /* Frameworks */ = {
			isa = PBXFrameworksBuildPhase;
			buildActionMask = 2147483647;
			files = (
				42CB5CF31D3CBBC2001B0149 /* OysterKit.framework in Frameworks */,
			);
			runOnlyForDeploymentPostprocessing = 0;
		};
		42F6C3AC1D6AEB5400614AFF /* Frameworks */ = {
			isa = PBXFrameworksBuildPhase;
			buildActionMask = 2147483647;
			files = (
				42F6C3B41D6AEB5400614AFF /* OysterKit.framework in Frameworks */,
			);
			runOnlyForDeploymentPostprocessing = 0;
		};
/* End PBXFrameworksBuildPhase section */

/* Begin PBXGroup section */
		423290C11D61836D00332FE9 /* Rules */ = {
			isa = PBXGroup;
			children = (
				42C3183A1D5BA08A00F55883 /* ScannerRules.swift */,
				42CB5D0E1D3CBBDA001B0149 /* ParserRules.swift */,
				423290BF1D61834000332FE9 /* RecursiveRule.swift */,
				423290C21D61838500332FE9 /* SwiftTypeExtensions.swift */,
				423290C41D61839900332FE9 /* RuleExtensions.swift */,
			);
			name = Rules;
			sourceTree = "<group>";
		};
		423290CE1D6188F900332FE9 /* Protocols */ = {
			isa = PBXGroup;
			children = (
				423290CA1D6187A900332FE9 /* LexicalAnalyzer.swift */,
				423290C61D61878600332FE9 /* Rule.swift */,
				423290BB1D5DD6C500332FE9 /* Language.swift */,
				423290CC1D6188D100332FE9 /* IntermediateRepresentation.swift */,
			);
			name = Protocols;
			sourceTree = "<group>";
		};
		423290CF1D61984200332FE9 /* Common Resources */ = {
			isa = PBXGroup;
			children = (
				42B15BC31D3F78D6000DFB61 /* Infrastructure.swift */,
				423290D41D61A8B200332FE9 /* Light Weight AST.swift */,
			);
			name = "Common Resources";
			sourceTree = "<group>";
		};
		42A61C451D5A1F14005EAF44 /* Optimizers */ = {
			isa = PBXGroup;
			children = (
				42A61C461D5A1F25005EAF44 /* CharacterSetOnlyChoiceOptimizer.swift */,
				4217DF231D5B499500ECA221 /* InlineIdentifierOptimizer.swift */,
			);
			name = Optimizers;
			sourceTree = "<group>";
		};
		42B15BCF1D40AC9F000DFB61 /* Objective C */ = {
			isa = PBXGroup;
			children = (
				42CB5CEC1D3CBBC1001B0149 /* OysterKit.h */,
			);
			name = "Objective C";
			sourceTree = "<group>";
		};
		42B15BD11D40ACD9000DFB61 /* Foundation */ = {
			isa = PBXGroup;
			children = (
				42CB5D121D3CC394001B0149 /* Errors.swift */,
				42CB5D1E1D3D2382001B0149 /* Scanner.swift */,
				42D8E34B1D656F8600AE5E8F /* StateCache.swift */,
				425427D81D5398990038A185 /* BackgroundTimer.swift */,
				421662651D6D8A470077BCFD /* String Extensions.swift */,
			);
			name = Foundation;
			sourceTree = "<group>";
		};
		42B15BD21D40AD2D000DFB61 /* Intermediate Representations */ = {
			isa = PBXGroup;
			children = (
				42B15BC91D408DD2000DFB61 /* Nodes.swift */,
				42B15BD51D40B3F6000DFB61 /* BaseIR.swift */,
				423290BD1D5E014300332FE9 /* NodeStack.swift */,
				42B15BCB1D409622000DFB61 /* Stream.swift */,
				423290B91D5DA16600332FE9 /* DebuggingDelegate.swift */,
				423290B51D5D8F1D00332FE9 /* ForkedIR.swift */,
				42A1DF7E1D7047F20026FD63 /* HomogenousNode.swift */,
				42A1DF821D704AF00026FD63 /* HomogenousAST.swift */,
				42A1DF801D7048090026FD63 /* HeterogenousNode.swift */,
				42377BEF1D63526700BDA49D /* HeterogenousAST.swift */,
			);
			name = "Intermediate Representations";
			sourceTree = "<group>";
		};
		42B15BD71D40BB49000DFB61 /* Generators */ = {
			isa = PBXGroup;
			children = (
				42B15BC51D3FE231000DFB61 /* DynamicParserGenerator.swift */,
				426728571D58AA62001E6BD0 /* SwiftGenerator.swift */,
			);
			name = Generators;
			sourceTree = "<group>";
		};
		42C1D9761D412BB900142453 /* STLR */ = {
			isa = PBXGroup;
			children = (
				42ABB97A1D3E63810087A1A9 /* STLR.swift */,
				423290D61D61DF3E00332FE9 /* STLRParser.swift */,
				42C1D9771D412BE600142453 /* STLR Data Model.swift */,
				421662671D6DDE940077BCFD /* STLR Constructor.swift */,
				421662691D6DEE700077BCFD /* STLR Optimization.swift */,
				4216626B1D6DEE880077BCFD /* STLR Validation.swift */,
				42B15BD71D40BB49000DFB61 /* Generators */,
				42A61C431D5A1E52005EAF44 /* STLROptimizers.swift */,
				42A61C451D5A1F14005EAF44 /* Optimizers */,
			);
			name = STLR;
			sourceTree = "<group>";
		};
		42CB5CDF1D3CBBC1001B0149 = {
			isa = PBXGroup;
			children = (
				42CB5CEB1D3CBBC1001B0149 /* OysterKit */,
				42CB5CF61D3CBBC2001B0149 /* OysterKitTests */,
				42F6C3B01D6AEB5400614AFF /* OysterKitPerformanceTests */,
				42CB5CEA1D3CBBC1001B0149 /* Products */,
			);
			sourceTree = "<group>";
		};
		42CB5CEA1D3CBBC1001B0149 /* Products */ = {
			isa = PBXGroup;
			children = (
				42CB5CE91D3CBBC1001B0149 /* OysterKit.framework */,
				42CB5CF21D3CBBC2001B0149 /* OysterKitTests.xctest */,
				42F6C3AF1D6AEB5400614AFF /* OysterKitPerformanceTests.xctest */,
			);
			name = Products;
			sourceTree = "<group>";
		};
		42CB5CEB1D3CBBC1001B0149 /* OysterKit */ = {
			isa = PBXGroup;
			children = (
				42CB5CED1D3CBBC1001B0149 /* Info.plist */,
				42B15BCF1D40AC9F000DFB61 /* Objective C */,
				42B15BD11D40ACD9000DFB61 /* Foundation */,
				423290CE1D6188F900332FE9 /* Protocols */,
				42CB5D181D3D0479001B0149 /* Lexer.swift */,
				423290C11D61836D00332FE9 /* Rules */,
				42B15BD21D40AD2D000DFB61 /* Intermediate Representations */,
				42B15BCD1D409846000DFB61 /* Parser.swift */,
				42C1D9761D412BB900142453 /* STLR */,
			);
			path = OysterKit;
			sourceTree = "<group>";
		};
		42CB5CF61D3CBBC2001B0149 /* OysterKitTests */ = {
			isa = PBXGroup;
			children = (
				423290CF1D61984200332FE9 /* Common Resources */,
				4228FFEB1D3E42FA00F25FD8 /* TestErrors.swift */,
				428C2DAB1D5C6EA600385920 /* FixValidations.swift */,
				4228FFE91D3E397C00F25FD8 /* ScannerTest.swift */,
				42CB5D1C1D3D1FA8001B0149 /* LexerTest.swift */,
				4218CE1A1D646EFA00F40584 /* OptimizersTest.swift */,
				42CB5D201D3D5322001B0149 /* ParserTest.swift */,
				42ABB97C1D3E72850087A1A9 /* GrammarTest.swift */,
				42F6C3BB1D6B233800614AFF /* SwiftGenerationTest.swift */,
				42B15BC71D3FE55E000DFB61 /* DynamicGeneratorTest.swift */,
				42CB5CF91D3CBBC2001B0149 /* Info.plist */,
			);
			path = OysterKitTests;
			sourceTree = "<group>";
		};
		42F6C3B01D6AEB5400614AFF /* OysterKitPerformanceTests */ = {
			isa = PBXGroup;
			children = (
				427BED911D671C1300A411B7 /* SwiftParser.swift */,
				42F6C3B11D6AEB5400614AFF /* OysterKitPerformanceTests.swift */,
				42F6C3B31D6AEB5400614AFF /* Info.plist */,
			);
			path = OysterKitPerformanceTests;
			sourceTree = "<group>";
		};
/* End PBXGroup section */

/* Begin PBXHeadersBuildPhase section */
		42CB5CE61D3CBBC1001B0149 /* Headers */ = {
			isa = PBXHeadersBuildPhase;
			buildActionMask = 2147483647;
			files = (
				42CB5CFA1D3CBBC2001B0149 /* OysterKit.h in Headers */,
			);
			runOnlyForDeploymentPostprocessing = 0;
		};
/* End PBXHeadersBuildPhase section */

/* Begin PBXNativeTarget section */
		42CB5CE81D3CBBC1001B0149 /* OysterKit */ = {
			isa = PBXNativeTarget;
			buildConfigurationList = 42CB5CFD1D3CBBC2001B0149 /* Build configuration list for PBXNativeTarget "OysterKit" */;
			buildPhases = (
				42CB5CE41D3CBBC1001B0149 /* Sources */,
				42CB5CE51D3CBBC1001B0149 /* Frameworks */,
				42CB5CE61D3CBBC1001B0149 /* Headers */,
				42CB5CE71D3CBBC1001B0149 /* Resources */,
			);
			buildRules = (
			);
			dependencies = (
			);
			name = OysterKit;
			productName = OysterKit;
			productReference = 42CB5CE91D3CBBC1001B0149 /* OysterKit.framework */;
			productType = "com.apple.product-type.framework";
		};
		42CB5CF11D3CBBC2001B0149 /* OysterKitTests */ = {
			isa = PBXNativeTarget;
			buildConfigurationList = 42CB5D001D3CBBC2001B0149 /* Build configuration list for PBXNativeTarget "OysterKitTests" */;
			buildPhases = (
				42CB5CEE1D3CBBC2001B0149 /* Sources */,
				42CB5CEF1D3CBBC2001B0149 /* Frameworks */,
				42CB5CF01D3CBBC2001B0149 /* Resources */,
			);
			buildRules = (
			);
			dependencies = (
				42CB5CF51D3CBBC2001B0149 /* PBXTargetDependency */,
			);
			name = OysterKitTests;
			productName = OysterKitTests;
			productReference = 42CB5CF21D3CBBC2001B0149 /* OysterKitTests.xctest */;
			productType = "com.apple.product-type.bundle.unit-test";
		};
		42F6C3AE1D6AEB5400614AFF /* OysterKitPerformanceTests */ = {
			isa = PBXNativeTarget;
			buildConfigurationList = 42F6C3B91D6AEB5400614AFF /* Build configuration list for PBXNativeTarget "OysterKitPerformanceTests" */;
			buildPhases = (
				42F6C3AB1D6AEB5400614AFF /* Sources */,
				42F6C3AC1D6AEB5400614AFF /* Frameworks */,
				42F6C3AD1D6AEB5400614AFF /* Resources */,
			);
			buildRules = (
			);
			dependencies = (
				42F6C3B61D6AEB5400614AFF /* PBXTargetDependency */,
			);
			name = OysterKitPerformanceTests;
			productName = OysterKitPerformanceTests;
			productReference = 42F6C3AF1D6AEB5400614AFF /* OysterKitPerformanceTests.xctest */;
			productType = "com.apple.product-type.bundle.unit-test";
		};
/* End PBXNativeTarget section */

/* Begin PBXProject section */
		42CB5CE01D3CBBC1001B0149 /* Project object */ = {
			isa = PBXProject;
			attributes = {
				LastSwiftUpdateCheck = 0800;
				LastUpgradeCheck = 0800;
				ORGANIZATIONNAME = "RED When Excited";
				TargetAttributes = {
					42CB5CE81D3CBBC1001B0149 = {
						CreatedOnToolsVersion = 8.0;
						DevelopmentTeam = 854497Y56G;
						DevelopmentTeamName = "Red When Excited Ltd";
						LastSwiftMigration = 0800;
						ProvisioningStyle = Automatic;
					};
					42CB5CF11D3CBBC2001B0149 = {
						CreatedOnToolsVersion = 8.0;
						DevelopmentTeam = 854497Y56G;
						DevelopmentTeamName = "Red When Excited Ltd";
						ProvisioningStyle = Automatic;
					};
					42F6C3AE1D6AEB5400614AFF = {
						CreatedOnToolsVersion = 8.0;
						DevelopmentTeam = 854497Y56G;
						ProvisioningStyle = Automatic;
					};
				};
			};
			buildConfigurationList = 42CB5CE31D3CBBC1001B0149 /* Build configuration list for PBXProject "OysterKit Mac" */;
			compatibilityVersion = "Xcode 3.2";
			developmentRegion = English;
			hasScannedForEncodings = 0;
			knownRegions = (
				en,
			);
			mainGroup = 42CB5CDF1D3CBBC1001B0149;
			productRefGroup = 42CB5CEA1D3CBBC1001B0149 /* Products */;
			projectDirPath = "";
			projectRoot = "";
			targets = (
				42CB5CE81D3CBBC1001B0149 /* OysterKit */,
				42CB5CF11D3CBBC2001B0149 /* OysterKitTests */,
				42F6C3AE1D6AEB5400614AFF /* OysterKitPerformanceTests */,
			);
		};
/* End PBXProject section */

/* Begin PBXResourcesBuildPhase section */
		42CB5CE71D3CBBC1001B0149 /* Resources */ = {
			isa = PBXResourcesBuildPhase;
			buildActionMask = 2147483647;
			files = (
			);
			runOnlyForDeploymentPostprocessing = 0;
		};
		42CB5CF01D3CBBC2001B0149 /* Resources */ = {
			isa = PBXResourcesBuildPhase;
			buildActionMask = 2147483647;
			files = (
			);
			runOnlyForDeploymentPostprocessing = 0;
		};
		42F6C3AD1D6AEB5400614AFF /* Resources */ = {
			isa = PBXResourcesBuildPhase;
			buildActionMask = 2147483647;
			files = (
			);
			runOnlyForDeploymentPostprocessing = 0;
		};
/* End PBXResourcesBuildPhase section */

/* Begin PBXSourcesBuildPhase section */
		42CB5CE41D3CBBC1001B0149 /* Sources */ = {
			isa = PBXSourcesBuildPhase;
			buildActionMask = 2147483647;
			files = (
				42B15BC61D3FE231000DFB61 /* DynamicParserGenerator.swift in Sources */,
				425427D91D5398990038A185 /* BackgroundTimer.swift in Sources */,
				423290BE1D5E014300332FE9 /* NodeStack.swift in Sources */,
				42CB5D0F1D3CBBDA001B0149 /* ParserRules.swift in Sources */,
				4216626C1D6DEE880077BCFD /* STLR Validation.swift in Sources */,
				423290BC1D5DD6C500332FE9 /* Language.swift in Sources */,
				42A61C471D5A1F25005EAF44 /* CharacterSetOnlyChoiceOptimizer.swift in Sources */,
				426728581D58AA62001E6BD0 /* SwiftGenerator.swift in Sources */,
				42A1DF811D7048090026FD63 /* HeterogenousNode.swift in Sources */,
				423290C01D61834000332FE9 /* RecursiveRule.swift in Sources */,
				42CB5D131D3CC394001B0149 /* Errors.swift in Sources */,
				423290D71D61DF3E00332FE9 /* STLRParser.swift in Sources */,
				42A1DF7F1D7047F20026FD63 /* HomogenousNode.swift in Sources */,
				42B15BD61D40B3F6000DFB61 /* BaseIR.swift in Sources */,
				4217DF241D5B499500ECA221 /* InlineIdentifierOptimizer.swift in Sources */,
				421662661D6D8A470077BCFD /* String Extensions.swift in Sources */,
				42B15BCA1D408DD2000DFB61 /* Nodes.swift in Sources */,
				423290C51D61839900332FE9 /* RuleExtensions.swift in Sources */,
				423290CD1D6188D100332FE9 /* IntermediateRepresentation.swift in Sources */,
				42CB5D1F1D3D2382001B0149 /* Scanner.swift in Sources */,
				423290BA1D5DA16600332FE9 /* DebuggingDelegate.swift in Sources */,
				42C3183B1D5BA08A00F55883 /* ScannerRules.swift in Sources */,
				42D8E34C1D656F8600AE5E8F /* StateCache.swift in Sources */,
				42A61C441D5A1E52005EAF44 /* STLROptimizers.swift in Sources */,
				42B15BCC1D409622000DFB61 /* Stream.swift in Sources */,
				42CB5D191D3D0479001B0149 /* Lexer.swift in Sources */,
				423290C31D61838500332FE9 /* SwiftTypeExtensions.swift in Sources */,
				42B15BCE1D409846000DFB61 /* Parser.swift in Sources */,
				42ABB97B1D3E63810087A1A9 /* STLR.swift in Sources */,
				42377BF01D63526700BDA49D /* HeterogenousAST.swift in Sources */,
				423290CB1D6187A900332FE9 /* LexicalAnalyzer.swift in Sources */,
				4216626A1D6DEE700077BCFD /* STLR Optimization.swift in Sources */,
				42A1DF831D704AF00026FD63 /* HomogenousAST.swift in Sources */,
				421662681D6DDE940077BCFD /* STLR Constructor.swift in Sources */,
				423290C71D61878600332FE9 /* Rule.swift in Sources */,
				42C1D9781D412BE600142453 /* STLR Data Model.swift in Sources */,
				423290B61D5D8F1D00332FE9 /* ForkedIR.swift in Sources */,
			);
			runOnlyForDeploymentPostprocessing = 0;
		};
		42CB5CEE1D3CBBC2001B0149 /* Sources */ = {
			isa = PBXSourcesBuildPhase;
			buildActionMask = 2147483647;
			files = (
				42B15BC41D3F78D6000DFB61 /* Infrastructure.swift in Sources */,
				4228FFEC1D3E42FA00F25FD8 /* TestErrors.swift in Sources */,
				42CB5D211D3D5322001B0149 /* ParserTest.swift in Sources */,
				4218CE1B1D646EFA00F40584 /* OptimizersTest.swift in Sources */,
				4228FFEA1D3E397C00F25FD8 /* ScannerTest.swift in Sources */,
				428C2DAC1D5C6EA600385920 /* FixValidations.swift in Sources */,
				42CB5D1D1D3D1FA8001B0149 /* LexerTest.swift in Sources */,
				42ABB97D1D3E72850087A1A9 /* GrammarTest.swift in Sources */,
				42B15BC81D3FE55E000DFB61 /* DynamicGeneratorTest.swift in Sources */,
				42F6C3BC1D6B233800614AFF /* SwiftGenerationTest.swift in Sources */,
				423290D51D61A8B200332FE9 /* Light Weight AST.swift in Sources */,
			);
			runOnlyForDeploymentPostprocessing = 0;
		};
		42F6C3AB1D6AEB5400614AFF /* Sources */ = {
			isa = PBXSourcesBuildPhase;
			buildActionMask = 2147483647;
			files = (
				42F6C3BA1D6AEC3500614AFF /* SwiftParser.swift in Sources */,
				42F6C3B21D6AEB5400614AFF /* OysterKitPerformanceTests.swift in Sources */,
			);
			runOnlyForDeploymentPostprocessing = 0;
		};
/* End PBXSourcesBuildPhase section */

/* Begin PBXTargetDependency section */
		42CB5CF51D3CBBC2001B0149 /* PBXTargetDependency */ = {
			isa = PBXTargetDependency;
			target = 42CB5CE81D3CBBC1001B0149 /* OysterKit */;
			targetProxy = 42CB5CF41D3CBBC2001B0149 /* PBXContainerItemProxy */;
		};
		42F6C3B61D6AEB5400614AFF /* PBXTargetDependency */ = {
			isa = PBXTargetDependency;
			target = 42CB5CE81D3CBBC1001B0149 /* OysterKit */;
			targetProxy = 42F6C3B51D6AEB5400614AFF /* PBXContainerItemProxy */;
		};
/* End PBXTargetDependency section */

/* Begin XCBuildConfiguration section */
		42CB5CFB1D3CBBC2001B0149 /* Debug */ = {
			isa = XCBuildConfiguration;
			buildSettings = {
				ALWAYS_SEARCH_USER_PATHS = NO;
				CLANG_ANALYZER_NONNULL = YES;
				CLANG_CXX_LANGUAGE_STANDARD = "gnu++0x";
				CLANG_CXX_LIBRARY = "libc++";
				CLANG_ENABLE_MODULES = YES;
				CLANG_ENABLE_OBJC_ARC = YES;
				CLANG_WARN_BOOL_CONVERSION = YES;
				CLANG_WARN_CONSTANT_CONVERSION = YES;
				CLANG_WARN_DIRECT_OBJC_ISA_USAGE = YES_ERROR;
				CLANG_WARN_DOCUMENTATION_COMMENTS = YES;
				CLANG_WARN_EMPTY_BODY = YES;
				CLANG_WARN_ENUM_CONVERSION = YES;
				CLANG_WARN_INT_CONVERSION = YES;
				CLANG_WARN_OBJC_ROOT_CLASS = YES_ERROR;
				CLANG_WARN_UNREACHABLE_CODE = YES;
				CLANG_WARN__DUPLICATE_METHOD_MATCH = YES;
				CODE_SIGN_IDENTITY = "-";
				COPY_PHASE_STRIP = NO;
				CURRENT_PROJECT_VERSION = 1;
				DEBUG_INFORMATION_FORMAT = dwarf;
				ENABLE_STRICT_OBJC_MSGSEND = YES;
				ENABLE_TESTABILITY = YES;
				GCC_C_LANGUAGE_STANDARD = gnu99;
				GCC_DYNAMIC_NO_PIC = NO;
				GCC_NO_COMMON_BLOCKS = YES;
				GCC_OPTIMIZATION_LEVEL = 0;
				GCC_PREPROCESSOR_DEFINITIONS = (
					"DEBUG=1",
					"$(inherited)",
				);
				GCC_WARN_64_TO_32_BIT_CONVERSION = YES;
				GCC_WARN_ABOUT_RETURN_TYPE = YES_ERROR;
				GCC_WARN_UNDECLARED_SELECTOR = YES;
				GCC_WARN_UNINITIALIZED_AUTOS = YES_AGGRESSIVE;
				GCC_WARN_UNUSED_FUNCTION = YES;
				GCC_WARN_UNUSED_VARIABLE = YES;
				MACOSX_DEPLOYMENT_TARGET = 10.12;
				MTL_ENABLE_DEBUG_INFO = YES;
				ONLY_ACTIVE_ARCH = YES;
				SDKROOT = macosx;
				SWIFT_ACTIVE_COMPILATION_CONDITIONS = DEBUG;
				SWIFT_OPTIMIZATION_LEVEL = "-Onone";
				VERSIONING_SYSTEM = "apple-generic";
				VERSION_INFO_PREFIX = "";
			};
			name = Debug;
		};
		42CB5CFC1D3CBBC2001B0149 /* Release */ = {
			isa = XCBuildConfiguration;
			buildSettings = {
				ALWAYS_SEARCH_USER_PATHS = NO;
				CLANG_ANALYZER_NONNULL = YES;
				CLANG_CXX_LANGUAGE_STANDARD = "gnu++0x";
				CLANG_CXX_LIBRARY = "libc++";
				CLANG_ENABLE_MODULES = YES;
				CLANG_ENABLE_OBJC_ARC = YES;
				CLANG_WARN_BOOL_CONVERSION = YES;
				CLANG_WARN_CONSTANT_CONVERSION = YES;
				CLANG_WARN_DIRECT_OBJC_ISA_USAGE = YES_ERROR;
				CLANG_WARN_DOCUMENTATION_COMMENTS = YES;
				CLANG_WARN_EMPTY_BODY = YES;
				CLANG_WARN_ENUM_CONVERSION = YES;
				CLANG_WARN_INT_CONVERSION = YES;
				CLANG_WARN_OBJC_ROOT_CLASS = YES_ERROR;
				CLANG_WARN_UNREACHABLE_CODE = YES;
				CLANG_WARN__DUPLICATE_METHOD_MATCH = YES;
				CODE_SIGN_IDENTITY = "-";
				COPY_PHASE_STRIP = NO;
				CURRENT_PROJECT_VERSION = 1;
				DEBUG_INFORMATION_FORMAT = "dwarf-with-dsym";
				ENABLE_NS_ASSERTIONS = NO;
				ENABLE_STRICT_OBJC_MSGSEND = YES;
				GCC_C_LANGUAGE_STANDARD = gnu99;
				GCC_NO_COMMON_BLOCKS = YES;
				GCC_WARN_64_TO_32_BIT_CONVERSION = YES;
				GCC_WARN_ABOUT_RETURN_TYPE = YES_ERROR;
				GCC_WARN_UNDECLARED_SELECTOR = YES;
				GCC_WARN_UNINITIALIZED_AUTOS = YES_AGGRESSIVE;
				GCC_WARN_UNUSED_FUNCTION = YES;
				GCC_WARN_UNUSED_VARIABLE = YES;
				MACOSX_DEPLOYMENT_TARGET = 10.12;
				MTL_ENABLE_DEBUG_INFO = NO;
				SDKROOT = macosx;
				SWIFT_OPTIMIZATION_LEVEL = "-Owholemodule";
				VERSIONING_SYSTEM = "apple-generic";
				VERSION_INFO_PREFIX = "";
			};
			name = Release;
		};
		42CB5CFE1D3CBBC2001B0149 /* Debug */ = {
			isa = XCBuildConfiguration;
			buildSettings = {
				CLANG_ENABLE_MODULES = YES;
				COMBINE_HIDPI_IMAGES = YES;
				DEFINES_MODULE = YES;
				DYLIB_COMPATIBILITY_VERSION = 1;
				DYLIB_CURRENT_VERSION = 1;
				DYLIB_INSTALL_NAME_BASE = "@rpath";
				FRAMEWORK_VERSION = A;
				INFOPLIST_FILE = OysterKit/Info.plist;
				INSTALL_PATH = "$(LOCAL_LIBRARY_DIR)/Frameworks";
				LD_RUNPATH_SEARCH_PATHS = "$(inherited) @executable_path/../Frameworks @loader_path/Frameworks";
				PRODUCT_BUNDLE_IDENTIFIER = "com.rwe-uk.OysterKit";
				PRODUCT_NAME = "$(TARGET_NAME)";
				SKIP_INSTALL = YES;
				SWIFT_OPTIMIZATION_LEVEL = "-Onone";
				SWIFT_VERSION = 3.0;
			};
			name = Debug;
		};
		42CB5CFF1D3CBBC2001B0149 /* Release */ = {
			isa = XCBuildConfiguration;
			buildSettings = {
				CLANG_ENABLE_MODULES = YES;
				COMBINE_HIDPI_IMAGES = YES;
				DEFINES_MODULE = YES;
				DYLIB_COMPATIBILITY_VERSION = 1;
				DYLIB_CURRENT_VERSION = 1;
				DYLIB_INSTALL_NAME_BASE = "@rpath";
				FRAMEWORK_VERSION = A;
				INFOPLIST_FILE = OysterKit/Info.plist;
				INSTALL_PATH = "$(LOCAL_LIBRARY_DIR)/Frameworks";
				LD_RUNPATH_SEARCH_PATHS = "$(inherited) @executable_path/../Frameworks @loader_path/Frameworks";
				PRODUCT_BUNDLE_IDENTIFIER = "com.rwe-uk.OysterKit";
				PRODUCT_NAME = "$(TARGET_NAME)";
				SKIP_INSTALL = YES;
				SWIFT_VERSION = 3.0;
			};
			name = Release;
		};
		42CB5D011D3CBBC2001B0149 /* Debug */ = {
			isa = XCBuildConfiguration;
			buildSettings = {
				COMBINE_HIDPI_IMAGES = YES;
				INFOPLIST_FILE = OysterKitTests/Info.plist;
				LD_RUNPATH_SEARCH_PATHS = "$(inherited) @executable_path/../Frameworks @loader_path/../Frameworks";
				PRODUCT_BUNDLE_IDENTIFIER = "com.rwe-uk.OysterKitTests";
				PRODUCT_NAME = "$(TARGET_NAME)";
				SWIFT_VERSION = 3.0;
			};
			name = Debug;
		};
		42CB5D021D3CBBC2001B0149 /* Release */ = {
			isa = XCBuildConfiguration;
			buildSettings = {
				COMBINE_HIDPI_IMAGES = YES;
				INFOPLIST_FILE = OysterKitTests/Info.plist;
				LD_RUNPATH_SEARCH_PATHS = "$(inherited) @executable_path/../Frameworks @loader_path/../Frameworks";
				PRODUCT_BUNDLE_IDENTIFIER = "com.rwe-uk.OysterKitTests";
				PRODUCT_NAME = "$(TARGET_NAME)";
				SWIFT_VERSION = 3.0;
			};
			name = Release;
		};
		42F6C3B71D6AEB5400614AFF /* Debug */ = {
			isa = XCBuildConfiguration;
			buildSettings = {
				CLANG_WARN_INFINITE_RECURSION = YES;
				CLANG_WARN_SUSPICIOUS_MOVES = YES;
				COMBINE_HIDPI_IMAGES = YES;
				DEVELOPMENT_TEAM = 854497Y56G;
				INFOPLIST_FILE = OysterKitPerformanceTests/Info.plist;
				LD_RUNPATH_SEARCH_PATHS = "$(inherited) @executable_path/../Frameworks @loader_path/../Frameworks";
				PRODUCT_BUNDLE_IDENTIFIER = "com.rwe-uk.OysterKitPerformanceTests";
				PRODUCT_NAME = "$(TARGET_NAME)";
				SWIFT_VERSION = 3.0;
			};
			name = Debug;
		};
		42F6C3B81D6AEB5400614AFF /* Release */ = {
			isa = XCBuildConfiguration;
			buildSettings = {
				CLANG_WARN_INFINITE_RECURSION = YES;
				CLANG_WARN_SUSPICIOUS_MOVES = YES;
				COMBINE_HIDPI_IMAGES = YES;
				DEVELOPMENT_TEAM = 854497Y56G;
				INFOPLIST_FILE = OysterKitPerformanceTests/Info.plist;
				LD_RUNPATH_SEARCH_PATHS = "$(inherited) @executable_path/../Frameworks @loader_path/../Frameworks";
				PRODUCT_BUNDLE_IDENTIFIER = "com.rwe-uk.OysterKitPerformanceTests";
				PRODUCT_NAME = "$(TARGET_NAME)";
				SWIFT_VERSION = 3.0;
			};
			name = Release;
		};
/* End XCBuildConfiguration section */

/* Begin XCConfigurationList section */
		42CB5CE31D3CBBC1001B0149 /* Build configuration list for PBXProject "OysterKit Mac" */ = {
			isa = XCConfigurationList;
			buildConfigurations = (
				42CB5CFB1D3CBBC2001B0149 /* Debug */,
				42CB5CFC1D3CBBC2001B0149 /* Release */,
			);
			defaultConfigurationIsVisible = 0;
			defaultConfigurationName = Release;
		};
		42CB5CFD1D3CBBC2001B0149 /* Build configuration list for PBXNativeTarget "OysterKit" */ = {
			isa = XCConfigurationList;
			buildConfigurations = (
				42CB5CFE1D3CBBC2001B0149 /* Debug */,
				42CB5CFF1D3CBBC2001B0149 /* Release */,
			);
			defaultConfigurationIsVisible = 0;
			defaultConfigurationName = Release;
		};
		42CB5D001D3CBBC2001B0149 /* Build configuration list for PBXNativeTarget "OysterKitTests" */ = {
			isa = XCConfigurationList;
			buildConfigurations = (
				42CB5D011D3CBBC2001B0149 /* Debug */,
				42CB5D021D3CBBC2001B0149 /* Release */,
			);
			defaultConfigurationIsVisible = 0;
			defaultConfigurationName = Release;
		};
		42F6C3B91D6AEB5400614AFF /* Build configuration list for PBXNativeTarget "OysterKitPerformanceTests" */ = {
			isa = XCConfigurationList;
			buildConfigurations = (
				42F6C3B71D6AEB5400614AFF /* Debug */,
				42F6C3B81D6AEB5400614AFF /* Release */,
			);
			defaultConfigurationIsVisible = 0;
			defaultConfigurationName = Release;
		};
/* End XCConfigurationList section */
	};
	rootObject = 42CB5CE01D3CBBC1001B0149 /* Project object */;
}
